
Microsoft Visual Studio Solution File, Format Version 12.00
# Visual Studio Version 16
VisualStudioVersion = 16.0.33130.400
MinimumVisualStudioVersion = 10.0.40219.1
Project("{8BC9CEB8-8B4A-11D0-8D11-00A0C91BC942}") = "D3D9Hook", "BocchiDummy\BocchiDummy.vcxproj", "{96A25CFD-0481-48C9-806C-2A9DE19C4CA2}"
EndProject
Global
	GlobalSection(SolutionConfigurationPlatforms) = preSolution
		Debug|x64 = Debug|x64
		Debug|x86 = Debug|x86
		Release|x64 = Release|x64
		Release|x86 = Release|x86
	EndGlobalSection
	GlobalSection(ProjectConfigurationPlatforms) = postSolution
		{96A25CFD-0481-48C9-806C-2A9DE19C4CA2}.Debug|x64.ActiveCfg = Debug|x64
		{96A25CFD-0481-48C9-806C-2A9DE19C4CA2}.Debug|x64.Build.0 = Debug|x64
		{96A25CFD-0481-48C9-806C-2A9DE19C4CA2}.Debug|x86.ActiveCfg = Debug|Win32
		{96A25CFD-0481-48C9-806C-2A9DE19C4CA2}.Debug|x86.Build.0 = Debug|Win32
		{96A25CFD-0481-48C9-806C-2A9DE19C4CA2}.Release|x64.ActiveCfg = Release|x64
		{96A25CFD-0481-48C9-806C-2A9DE19C4CA2}.Release|x64.Build.0 = Release|x64
		{96A25CFD-0481-48C9-806C-2A9DE19C4CA2}.Release|x86.ActiveCfg = Release|Win32
		{96A25CFD-0481-48C9-806C-2A9DE19C4CA2}.Release|x86.Build.0 = Release|Win32
	EndGlobalSection
	GlobalSection(SolutionProperties) = preSolution
		HideSolutionNode = FALSE
	EndGlobalSection
	GlobalSection(ExtensibilityGlobals) = postSolution
		SolutionGuid = {ACCA3361-31CD-41C0-B8FA-CBA007266F76}
	EndGlobalSection
EndGlobal
